
Microsoft Visual Studio Solution File, Format Version 12.00
# Visual Studio Version 17
VisualStudioVersion = 17.14.36414.22 d17.14
MinimumVisualStudioVersion = 10.0.40219.1
Project("{FAE04EC0-301F-11D3-BF4B-00C04F79EFBC}") = "DotnetTask2_WEBAPI1_Collection", "DotnetTask2_WEBAPI1_Collection\DotnetTask2_WEBAPI1_Collection.csproj", "{7408BD5E-5E3D-48A9-974E-0B13E3292512}"
EndProject
Global
	GlobalSection(SolutionConfigurationPlatforms) = preSolution
		Debug|Any CPU = Debug|Any CPU
		Release|Any CPU = Release|Any CPU
	EndGlobalSection
	GlobalSection(ProjectConfigurationPlatforms) = postSolution
		{7408BD5E-5E3D-48A9-974E-0B13E3292512}.Debug|Any CPU.ActiveCfg = Debug|Any CPU
		{7408BD5E-5E3D-48A9-974E-0B13E3292512}.Debug|Any CPU.Build.0 = Debug|Any CPU
		{7408BD5E-5E3D-48A9-974E-0B13E3292512}.Release|Any CPU.ActiveCfg = Release|Any CPU
		{7408BD5E-5E3D-48A9-974E-0B13E3292512}.Release|Any CPU.Build.0 = Release|Any CPU
	EndGlobalSection
	GlobalSection(SolutionProperties) = preSolution
		HideSolutionNode = FALSE
	EndGlobalSection
	GlobalSection(ExtensibilityGlobals) = postSolution
		SolutionGuid = {94A97388-F6C4-4B4B-8AC9-6D85A543A0B8}
	EndGlobalSection
EndGlobal
